{
  "name": "DatingApp",
  "lockfileVersion": 3,
  "requires": true,
  "packages": {
    "": {
      "dependencies": {
        "bootstrap": "^5.3.3",
        "font-awesome": "^4.7.0",
        "ngx-bootstrap": "^18.0.2"
      }
    },
    "node_modules/@angular/animations": {
      "version": "18.2.1",
      "resolved": "https://registry.npmjs.org/@angular/animations/-/animations-18.2.1.tgz",
      "integrity": "sha512-jit452yuE6DMVV09E6RAjgapgw64mMVH31ccpPvMDekzPsTuP3KNKtgRFU/k2DFhYJvyczM1AqqlgccE/JGaRw==",
      "license": "MIT",
      "peer": true,
      "dependencies": {
        "tslib": "^2.3.0"
      },
      "engines": {
        "node": "^18.19.1 || ^20.11.1 || >=22.0.0"
      },
      "peerDependencies": {
        "@angular/core": "18.2.1"
      }
    },
    "node_modules/@angular/common": {
      "version": "18.2.1",
      "resolved": "https://registry.npmjs.org/@angular/common/-/common-18.2.1.tgz",
      "integrity": "sha512-N0ZJO1/iU9UhprplZRPvBcdRgA/i6l6Ng5gXs5ymHBJ0lxsB+mDVCmC4jISjR9gAWc426xXwLaOpuP5Gv3f/yg==",
      "license": "MIT",
      "peer": true,
      "dependencies": {
        "tslib": "^2.3.0"
      },
      "engines": {
        "node": "^18.19.1 || ^20.11.1 || >=22.0.0"
      },
      "peerDependencies": {
        "@angular/core": "18.2.1",
        "rxjs": "^6.5.3 || ^7.4.0"
      }
    },
    "node_modules/@angular/core": {
      "version": "18.2.1",
      "resolved": "https://registry.npmjs.org/@angular/core/-/core-18.2.1.tgz",
      "integrity": "sha512-9KrSpJ65UlJZNXrE18NszcfOwb5LZgG+LYi5Doe7amt218R1bzb3trvuAm0ZzMaoKh4ugtUCkzEOd4FALPEX6w==",
      "license": "MIT",
      "peer": true,
      "dependencies": {
        "tslib": "^2.3.0"
      },
      "engines": {
        "node": "^18.19.1 || ^20.11.1 || >=22.0.0"
      },
      "peerDependencies": {
        "rxjs": "^6.5.3 || ^7.4.0",
        "zone.js": "~0.14.10"
      }
    },
    "node_modules/@angular/forms": {
      "version": "18.2.1",
      "resolved": "https://registry.npmjs.org/@angular/forms/-/forms-18.2.1.tgz",
      "integrity": "sha512-T7z8KUuj2PoPxrMrAruQVJha+x4a9Y6IrKYtArgOQQlTwCEJuqpVYuOk5l3fwWpHE9bVEjvgkAMI1D5YXA/U6w==",
      "license": "MIT",
      "peer": true,
      "dependencies": {
        "tslib": "^2.3.0"
      },
      "engines": {
        "node": "^18.19.1 || ^20.11.1 || >=22.0.0"
      },
      "peerDependencies": {
        "@angular/common": "18.2.1",
        "@angular/core": "18.2.1",
        "@angular/platform-browser": "18.2.1",
        "rxjs": "^6.5.3 || ^7.4.0"
      }
    },
    "node_modules/@angular/platform-browser": {
      "version": "18.2.1",
      "resolved": "https://registry.npmjs.org/@angular/platform-browser/-/platform-browser-18.2.1.tgz",
      "integrity": "sha512-hQABX7QotGmCIR3EhCBCDh5ZTvQao+JkuK5CCw2G1PkRfJMBwEpjNqnyhz41hZhWiGlucp9jgbeypppW+mIQEw==",
      "license": "MIT",
      "peer": true,
      "dependencies": {
        "tslib": "^2.3.0"
      },
      "engines": {
        "node": "^18.19.1 || ^20.11.1 || >=22.0.0"
      },
      "peerDependencies": {
        "@angular/animations": "18.2.1",
        "@angular/common": "18.2.1",
        "@angular/core": "18.2.1"
      },
      "peerDependenciesMeta": {
        "@angular/animations": {
          "optional": true
        }
      }
    },
    "node_modules/@popperjs/core": {
      "version": "2.11.8",
      "resolved": "https://registry.npmjs.org/@popperjs/core/-/core-2.11.8.tgz",
      "integrity": "sha512-P1st0aksCrn9sGZhp8GMYwBnQsbvAWsZAX44oXNNvLHGqAOcoVxmjZiohstwQ7SqKnbR47akdNi+uleWD8+g6A==",
      "license": "MIT",
      "peer": true,
      "funding": {
        "type": "opencollective",
        "url": "https://opencollective.com/popperjs"
      }
    },
    "node_modules/bootstrap": {
      "version": "5.3.3",
      "resolved": "https://registry.npmjs.org/bootstrap/-/bootstrap-5.3.3.tgz",
      "integrity": "sha512-8HLCdWgyoMguSO9o+aH+iuZ+aht+mzW0u3HIMzVu7Srrpv7EBBxTnrFlSCskwdY1+EOFQSm7uMJhNQHkdPcmjg==",
      "funding": [
        {
          "type": "github",
          "url": "https://github.com/sponsors/twbs"
        },
        {
          "type": "opencollective",
          "url": "https://opencollective.com/bootstrap"
        }
      ],
      "license": "MIT",
      "peerDependencies": {
        "@popperjs/core": "^2.11.8"
      }
    },
    "node_modules/font-awesome": {
      "version": "4.7.0",
      "resolved": "https://registry.npmjs.org/font-awesome/-/font-awesome-4.7.0.tgz",
      "integrity": "sha512-U6kGnykA/6bFmg1M/oT9EkFeIYv7JlX3bozwQJWiiLz6L0w3F5vBVPxHlwyX/vtNq1ckcpRKOB9f2Qal/VtFpg==",
      "license": "(OFL-1.1 AND MIT)",
      "engines": {
        "node": ">=0.10.3"
      }
    },
    "node_modules/ngx-bootstrap": {
      "version": "18.0.2",
      "resolved": "https://registry.npmjs.org/ngx-bootstrap/-/ngx-bootstrap-18.0.2.tgz",
      "integrity": "sha512-fmbLL4dCgPOTZxBMHpJFabHtOXM02b0atHW6queXbFnSouy5jC3UQ0tdcdD2k09H2x2aeRenMt6AcmPcwyoFSg==",
      "license": "MIT",
      "dependencies": {
        "tslib": "^2.3.0"
      },
      "peerDependencies": {
        "@angular/animations": "^18.0.1",
        "@angular/common": "^18.0.1",
        "@angular/core": "^18.0.1",
        "@angular/forms": "^18.0.1",
        "rxjs": "^6.5.3 || ^7.4.0"
      }
    },
    "node_modules/rxjs": {
      "version": "7.8.1",
      "resolved": "https://registry.npmjs.org/rxjs/-/rxjs-7.8.1.tgz",
      "integrity": "sha512-AA3TVj+0A2iuIoQkWEK/tqFjBq2j+6PO6Y0zJcvzLAFhEFIO3HL0vls9hWLncZbAAbK0mar7oZ4V079I/qPMxg==",
      "license": "Apache-2.0",
      "peer": true,
      "dependencies": {
        "tslib": "^2.1.0"
      }
    },
    "node_modules/tslib": {
      "version": "2.7.0",
      "resolved": "https://registry.npmjs.org/tslib/-/tslib-2.7.0.tgz",
      "integrity": "sha512-gLXCKdN1/j47AiHiOkJN69hJmcbGTHI0ImLmbYLHykhgeN0jVGola9yVjFgzCUklsZQMW55o+dW7IXv3RCXDzA==",
      "license": "0BSD"
    },
    "node_modules/zone.js": {
      "version": "0.14.10",
      "resolved": "https://registry.npmjs.org/zone.js/-/zone.js-0.14.10.tgz",
      "integrity": "sha512-YGAhaO7J5ywOXW6InXNlLmfU194F8lVgu7bRntUF3TiG8Y3nBK0x1UJJuHUP/e8IyihkjCYqhCScpSwnlaSRkQ==",
      "license": "MIT",
      "peer": true
    }
  }
}
